
Microsoft Visual Studio Solution File, Format Version 12.00
# Visual Studio Version 17
VisualStudioVersion = 17.13.35825.156 d17.13
MinimumVisualStudioVersion = 10.0.40219.1
Project("{FAE04EC0-301F-11D3-BF4B-00C04F79EFBC}") = "ParsingEnums", "ParsingEnums\ParsingEnums.csproj", "{48BF8F99-A3E7-490F-9102-C942ADC8010D}"
EndProject
Global
	GlobalSection(SolutionConfigurationPlatforms) = preSolution
		Debug|Any CPU = Debug|Any CPU
		Release|Any CPU = Release|Any CPU
	EndGlobalSection
	GlobalSection(ProjectConfigurationPlatforms) = postSolution
		{48BF8F99-A3E7-490F-9102-C942ADC8010D}.Debug|Any CPU.ActiveCfg = Debug|Any CPU
		{48BF8F99-A3E7-490F-9102-C942ADC8010D}.Debug|Any CPU.Build.0 = Debug|Any CPU
		{48BF8F99-A3E7-490F-9102-C942ADC8010D}.Release|Any CPU.ActiveCfg = Release|Any CPU
		{48BF8F99-A3E7-490F-9102-C942ADC8010D}.Release|Any CPU.Build.0 = Release|Any CPU
	EndGlobalSection
	GlobalSection(SolutionProperties) = preSolution
		HideSolutionNode = FALSE
	EndGlobalSection
	GlobalSection(ExtensibilityGlobals) = postSolution
		SolutionGuid = {54F55592-8566-4D93-A32C-42AA9300AEDE}
	EndGlobalSection
EndGlobal
