
Microsoft Visual Studio Solution File, Format Version 12.00
# Visual Studio Version 17
VisualStudioVersion = 17.13.35825.156 d17.13
MinimumVisualStudioVersion = 10.0.40219.1
Project("{FAE04EC0-301F-11D3-BF4B-00C04F79EFBC}") = "CallingMethodsAssignment", "CallingMethodsAssignment\CallingMethodsAssignment.csproj", "{1DD8C80F-EC83-4FFA-A000-ED2B87ED4DEF}"
EndProject
Global
	GlobalSection(SolutionConfigurationPlatforms) = preSolution
		Debug|Any CPU = Debug|Any CPU
		Release|Any CPU = Release|Any CPU
	EndGlobalSection
	GlobalSection(ProjectConfigurationPlatforms) = postSolution
		{1DD8C80F-EC83-4FFA-A000-ED2B87ED4DEF}.Debug|Any CPU.ActiveCfg = Debug|Any CPU
		{1DD8C80F-EC83-4FFA-A000-ED2B87ED4DEF}.Debug|Any CPU.Build.0 = Debug|Any CPU
		{1DD8C80F-EC83-4FFA-A000-ED2B87ED4DEF}.Release|Any CPU.ActiveCfg = Release|Any CPU
		{1DD8C80F-EC83-4FFA-A000-ED2B87ED4DEF}.Release|Any CPU.Build.0 = Release|Any CPU
	EndGlobalSection
	GlobalSection(SolutionProperties) = preSolution
		HideSolutionNode = FALSE
	EndGlobalSection
	GlobalSection(ExtensibilityGlobals) = postSolution
		SolutionGuid = {91CF0F89-B433-4D0C-B08F-E12E357BBCF6}
	EndGlobalSection
EndGlobal
