
Microsoft Visual Studio Solution File, Format Version 12.00
# Visual Studio Version 17
VisualStudioVersion = 17.13.35825.156 d17.13
MinimumVisualStudioVersion = 10.0.40219.1
Project("{FAE04EC0-301F-11D3-BF4B-00C04F79EFBC}") = "ClassMethod", "ClassMethod\ClassMethod.csproj", "{2F1EFBAC-8E67-4BC9-A10D-1A6589B7F1DC}"
EndProject
Global
	GlobalSection(SolutionConfigurationPlatforms) = preSolution
		Debug|Any CPU = Debug|Any CPU
		Release|Any CPU = Release|Any CPU
	EndGlobalSection
	GlobalSection(ProjectConfigurationPlatforms) = postSolution
		{2F1EFBAC-8E67-4BC9-A10D-1A6589B7F1DC}.Debug|Any CPU.ActiveCfg = Debug|Any CPU
		{2F1EFBAC-8E67-4BC9-A10D-1A6589B7F1DC}.Debug|Any CPU.Build.0 = Debug|Any CPU
		{2F1EFBAC-8E67-4BC9-A10D-1A6589B7F1DC}.Release|Any CPU.ActiveCfg = Release|Any CPU
		{2F1EFBAC-8E67-4BC9-A10D-1A6589B7F1DC}.Release|Any CPU.Build.0 = Release|Any CPU
	EndGlobalSection
	GlobalSection(SolutionProperties) = preSolution
		HideSolutionNode = FALSE
	EndGlobalSection
	GlobalSection(ExtensibilityGlobals) = postSolution
		SolutionGuid = {067DCB13-CC1A-469C-8CEC-8C35F41B03AF}
	EndGlobalSection
EndGlobal
