
Microsoft Visual Studio Solution File, Format Version 12.00
# Visual Studio Version 17
VisualStudioVersion = 17.13.35825.156 d17.13
MinimumVisualStudioVersion = 10.0.40219.1
Project("{FAE04EC0-301F-11D3-BF4B-00C04F79EFBC}") = "CarInsuranceApproval", "CarInsuranceApproval\CarInsuranceApproval.csproj", "{71CED054-D0FE-4CD5-9B8F-981A7824B9DA}"
EndProject
Global
	GlobalSection(SolutionConfigurationPlatforms) = preSolution
		Debug|Any CPU = Debug|Any CPU
		Release|Any CPU = Release|Any CPU
	EndGlobalSection
	GlobalSection(ProjectConfigurationPlatforms) = postSolution
		{71CED054-D0FE-4CD5-9B8F-981A7824B9DA}.Debug|Any CPU.ActiveCfg = Debug|Any CPU
		{71CED054-D0FE-4CD5-9B8F-981A7824B9DA}.Debug|Any CPU.Build.0 = Debug|Any CPU
		{71CED054-D0FE-4CD5-9B8F-981A7824B9DA}.Release|Any CPU.ActiveCfg = Release|Any CPU
		{71CED054-D0FE-4CD5-9B8F-981A7824B9DA}.Release|Any CPU.Build.0 = Release|Any CPU
	EndGlobalSection
	GlobalSection(SolutionProperties) = preSolution
		HideSolutionNode = FALSE
	EndGlobalSection
	GlobalSection(ExtensibilityGlobals) = postSolution
		SolutionGuid = {563BC524-3461-4A80-8C71-1724A4685B4F}
	EndGlobalSection
EndGlobal
